
Microsoft Visual Studio Solution File, Format Version 11.00
# Visual Studio 2010
Project("{2150E333-8FDC-42A3-9474-1A3956D46DE8}") = "UT", "UT", "{9EA921E4-2BAA-4E8F-9299-508BE7EDF873}"
EndProject
Project("{8BC9CEB8-8B4A-11D0-8D11-00A0C91BC942}") = "XAConfigurationFactory", "XAConfigurationFactory\XAConfigurationFactory.vcxproj", "{15107D0D-BD5D-468B-8D7E-F0CEB0597496}"
	ProjectSection(ProjectDependencies) = postProject
		{C47FFB42-F6E6-47AC-BE9D-027BB295DB65} = {C47FFB42-F6E6-47AC-BE9D-027BB295DB65}
		{8B0851D1-6DB5-454B-A5F8-74E51EEF744B} = {8B0851D1-6DB5-454B-A5F8-74E51EEF744B}
	EndProjectSection
EndProject
Project("{8BC9CEB8-8B4A-11D0-8D11-00A0C91BC942}") = "XAConfigurationFactory_UT", "XAConfigurationFactory_UT\XAConfigurationFactory_UT.vcxproj", "{BD7505D6-F338-4CBD-8BF1-FD8254632F39}"
	ProjectSection(ProjectDependencies) = postProject
		{15107D0D-BD5D-468B-8D7E-F0CEB0597496} = {15107D0D-BD5D-468B-8D7E-F0CEB0597496}
	EndProjectSection
EndProject
Project("{8BC9CEB8-8B4A-11D0-8D11-00A0C91BC942}") = "XAConfigurationInterface", "XAConfigurationInterface\XAConfigurationInterface.vcxproj", "{C47FFB42-F6E6-47AC-BE9D-027BB295DB65}"
EndProject
Project("{8BC9CEB8-8B4A-11D0-8D11-00A0C91BC942}") = "XAUserConfiguration", "XAUserConfiguration\XAUserConfiguration.vcxproj", "{8B0851D1-6DB5-454B-A5F8-74E51EEF744B}"
	ProjectSection(ProjectDependencies) = postProject
		{C47FFB42-F6E6-47AC-BE9D-027BB295DB65} = {C47FFB42-F6E6-47AC-BE9D-027BB295DB65}
	EndProjectSection
EndProject
Project("{2150E333-8FDC-42A3-9474-1A3956D46DE8}") = "Include", "Include", "{A8902E8D-215B-4823-ADE5-18C81FB386B5}"
EndProject
Project("{2150E333-8FDC-42A3-9474-1A3956D46DE8}") = "Locally Run", "Locally Run", "{4C9C34D1-E011-45D1-B90D-9B14BD394F87}"
EndProject
Project("{8BC9CEB8-8B4A-11D0-8D11-00A0C91BC942}") = "XAConfigurationConsole", "XAConfigurationConsole\XAConfigurationConsole.vcxproj", "{026FCDA1-D2D1-48E5-863E-C25FDDB9303D}"
	ProjectSection(ProjectDependencies) = postProject
		{15107D0D-BD5D-468B-8D7E-F0CEB0597496} = {15107D0D-BD5D-468B-8D7E-F0CEB0597496}
		{C47FFB42-F6E6-47AC-BE9D-027BB295DB65} = {C47FFB42-F6E6-47AC-BE9D-027BB295DB65}
	EndProjectSection
EndProject
Project("{2150E333-8FDC-42A3-9474-1A3956D46DE8}") = "Design", "Design", "{8C55CEF8-C19A-48B5-9CCD-05BDEC0C1684}"
	ProjectSection(SolutionItems) = preProject
		Configuration.eap = Configuration.eap
	EndProjectSection
EndProject
Project("{8BC9CEB8-8B4A-11D0-8D11-00A0C91BC942}") = "XAConfigurationContainee", "XAConfigurationContainee\XAConfigurationContainee.vcxproj", "{E7EAC58E-5CCE-490E-BFD6-4BE7615B92AC}"
	ProjectSection(ProjectDependencies) = postProject
		{15107D0D-BD5D-468B-8D7E-F0CEB0597496} = {15107D0D-BD5D-468B-8D7E-F0CEB0597496}
	EndProjectSection
EndProject
Global
	GlobalSection(TeamFoundationVersionControl) = preSolution
		SccNumberOfProjects = 7
		SccEnterpriseProvider = {4CA58AB2-18FA-4F8D-95D4-32DDF27D184C}
		SccTeamFoundationServer = http://tfs:8080/tfs/defaultcollection
		SccLocalPath0 = .
		SccProjectUniqueName1 = XAConfigurationFactory_UT\\XAConfigurationFactory_UT.vcxproj
		SccProjectTopLevelParentUniqueName1 = XAConfiguration.sln
		SccProjectName1 = XAConfigurationFactory_UT
		SccLocalPath1 = XAConfigurationFactory_UT
		SccProjectUniqueName2 = XAConfigurationFactory\\XAConfigurationFactory.vcxproj
		SccProjectName2 = XAConfigurationFactory
		SccLocalPath2 = XAConfigurationFactory
		SccProjectUniqueName3 = XAConfigurationInterface\\XAConfigurationInterface.vcxproj
		SccProjectName3 = XAConfigurationInterface
		SccLocalPath3 = XAConfigurationInterface
		SccProjectUniqueName4 = XAUserConfiguration\\XAUserConfiguration.vcxproj
		SccProjectName4 = XAUserConfiguration
		SccLocalPath4 = XAUserConfiguration
		SccProjectUniqueName5 = XAConfigurationConsole\\XAConfigurationConsole.vcxproj
		SccProjectTopLevelParentUniqueName5 = XAConfiguration.sln
		SccProjectName5 = XAConfigurationConsole
		SccLocalPath5 = XAConfigurationConsole
		SccProjectUniqueName6 = XAConfigurationContainee\\XAConfigurationContainee.vcxproj
		SccProjectTopLevelParentUniqueName6 = XAConfiguration.sln
		SccProjectName6 = XAConfigurationContainee
		SccLocalPath6 = XAConfigurationContainee
	EndGlobalSection
	GlobalSection(SolutionConfigurationPlatforms) = preSolution
		Debug|Mixed Platforms = Debug|Mixed Platforms
		Debug|Win32 = Debug|Win32
		Debug|x64 = Debug|x64
		Release|Mixed Platforms = Release|Mixed Platforms
		Release|Win32 = Release|Win32
		Release|x64 = Release|x64
	EndGlobalSection
	GlobalSection(ProjectConfigurationPlatforms) = postSolution
		{15107D0D-BD5D-468B-8D7E-F0CEB0597496}.Debug|Mixed Platforms.ActiveCfg = Debug|x64
		{15107D0D-BD5D-468B-8D7E-F0CEB0597496}.Debug|Mixed Platforms.Build.0 = Debug|x64
		{15107D0D-BD5D-468B-8D7E-F0CEB0597496}.Debug|Win32.ActiveCfg = Debug|x64
		{15107D0D-BD5D-468B-8D7E-F0CEB0597496}.Debug|x64.ActiveCfg = Debug|x64
		{15107D0D-BD5D-468B-8D7E-F0CEB0597496}.Debug|x64.Build.0 = Debug|x64
		{15107D0D-BD5D-468B-8D7E-F0CEB0597496}.Release|Mixed Platforms.ActiveCfg = Release|x64
		{15107D0D-BD5D-468B-8D7E-F0CEB0597496}.Release|Mixed Platforms.Build.0 = Release|x64
		{15107D0D-BD5D-468B-8D7E-F0CEB0597496}.Release|Win32.ActiveCfg = Release|x64
		{15107D0D-BD5D-468B-8D7E-F0CEB0597496}.Release|x64.ActiveCfg = Release|x64
		{15107D0D-BD5D-468B-8D7E-F0CEB0597496}.Release|x64.Build.0 = Release|x64
		{BD7505D6-F338-4CBD-8BF1-FD8254632F39}.Debug|Mixed Platforms.ActiveCfg = Debug|x64
		{BD7505D6-F338-4CBD-8BF1-FD8254632F39}.Debug|Mixed Platforms.Build.0 = Debug|x64
		{BD7505D6-F338-4CBD-8BF1-FD8254632F39}.Debug|Win32.ActiveCfg = Debug|x64
		{BD7505D6-F338-4CBD-8BF1-FD8254632F39}.Debug|x64.ActiveCfg = Debug|x64
		{BD7505D6-F338-4CBD-8BF1-FD8254632F39}.Debug|x64.Build.0 = Debug|x64
		{BD7505D6-F338-4CBD-8BF1-FD8254632F39}.Release|Mixed Platforms.ActiveCfg = Release|x64
		{BD7505D6-F338-4CBD-8BF1-FD8254632F39}.Release|Mixed Platforms.Build.0 = Release|x64
		{BD7505D6-F338-4CBD-8BF1-FD8254632F39}.Release|Win32.ActiveCfg = Release|x64
		{BD7505D6-F338-4CBD-8BF1-FD8254632F39}.Release|x64.ActiveCfg = Release|x64
		{BD7505D6-F338-4CBD-8BF1-FD8254632F39}.Release|x64.Build.0 = Release|x64
		{C47FFB42-F6E6-47AC-BE9D-027BB295DB65}.Debug|Mixed Platforms.ActiveCfg = Debug|x64
		{C47FFB42-F6E6-47AC-BE9D-027BB295DB65}.Debug|Mixed Platforms.Build.0 = Debug|x64
		{C47FFB42-F6E6-47AC-BE9D-027BB295DB65}.Debug|Win32.ActiveCfg = Debug|x64
		{C47FFB42-F6E6-47AC-BE9D-027BB295DB65}.Debug|x64.ActiveCfg = Debug|x64
		{C47FFB42-F6E6-47AC-BE9D-027BB295DB65}.Debug|x64.Build.0 = Debug|x64
		{C47FFB42-F6E6-47AC-BE9D-027BB295DB65}.Release|Mixed Platforms.ActiveCfg = Release|x64
		{C47FFB42-F6E6-47AC-BE9D-027BB295DB65}.Release|Mixed Platforms.Build.0 = Release|x64
		{C47FFB42-F6E6-47AC-BE9D-027BB295DB65}.Release|Win32.ActiveCfg = Release|x64
		{C47FFB42-F6E6-47AC-BE9D-027BB295DB65}.Release|x64.ActiveCfg = Release|x64
		{C47FFB42-F6E6-47AC-BE9D-027BB295DB65}.Release|x64.Build.0 = Release|x64
		{8B0851D1-6DB5-454B-A5F8-74E51EEF744B}.Debug|Mixed Platforms.ActiveCfg = Debug|x64
		{8B0851D1-6DB5-454B-A5F8-74E51EEF744B}.Debug|Mixed Platforms.Build.0 = Debug|x64
		{8B0851D1-6DB5-454B-A5F8-74E51EEF744B}.Debug|Win32.ActiveCfg = Debug|x64
		{8B0851D1-6DB5-454B-A5F8-74E51EEF744B}.Debug|x64.ActiveCfg = Debug|x64
		{8B0851D1-6DB5-454B-A5F8-74E51EEF744B}.Debug|x64.Build.0 = Debug|x64
		{8B0851D1-6DB5-454B-A5F8-74E51EEF744B}.Release|Mixed Platforms.ActiveCfg = Release|x64
		{8B0851D1-6DB5-454B-A5F8-74E51EEF744B}.Release|Mixed Platforms.Build.0 = Release|x64
		{8B0851D1-6DB5-454B-A5F8-74E51EEF744B}.Release|Win32.ActiveCfg = Release|x64
		{8B0851D1-6DB5-454B-A5F8-74E51EEF744B}.Release|x64.ActiveCfg = Release|x64
		{8B0851D1-6DB5-454B-A5F8-74E51EEF744B}.Release|x64.Build.0 = Release|x64
		{026FCDA1-D2D1-48E5-863E-C25FDDB9303D}.Debug|Mixed Platforms.ActiveCfg = Debug|x64
		{026FCDA1-D2D1-48E5-863E-C25FDDB9303D}.Debug|Mixed Platforms.Build.0 = Debug|x64
		{026FCDA1-D2D1-48E5-863E-C25FDDB9303D}.Debug|Win32.ActiveCfg = Debug|x64
		{026FCDA1-D2D1-48E5-863E-C25FDDB9303D}.Debug|x64.ActiveCfg = Debug|x64
		{026FCDA1-D2D1-48E5-863E-C25FDDB9303D}.Debug|x64.Build.0 = Debug|x64
		{026FCDA1-D2D1-48E5-863E-C25FDDB9303D}.Release|Mixed Platforms.ActiveCfg = Release|x64
		{026FCDA1-D2D1-48E5-863E-C25FDDB9303D}.Release|Mixed Platforms.Build.0 = Release|x64
		{026FCDA1-D2D1-48E5-863E-C25FDDB9303D}.Release|Win32.ActiveCfg = Release|x64
		{026FCDA1-D2D1-48E5-863E-C25FDDB9303D}.Release|x64.ActiveCfg = Release|x64
		{026FCDA1-D2D1-48E5-863E-C25FDDB9303D}.Release|x64.Build.0 = Release|x64
		{E7EAC58E-5CCE-490E-BFD6-4BE7615B92AC}.Debug|Mixed Platforms.ActiveCfg = Debug|x64
		{E7EAC58E-5CCE-490E-BFD6-4BE7615B92AC}.Debug|Mixed Platforms.Build.0 = Debug|x64
		{E7EAC58E-5CCE-490E-BFD6-4BE7615B92AC}.Debug|Win32.ActiveCfg = Debug|x64
		{E7EAC58E-5CCE-490E-BFD6-4BE7615B92AC}.Debug|x64.ActiveCfg = Debug|x64
		{E7EAC58E-5CCE-490E-BFD6-4BE7615B92AC}.Debug|x64.Build.0 = Debug|x64
		{E7EAC58E-5CCE-490E-BFD6-4BE7615B92AC}.Release|Mixed Platforms.ActiveCfg = Release|x64
		{E7EAC58E-5CCE-490E-BFD6-4BE7615B92AC}.Release|Mixed Platforms.Build.0 = Release|x64
		{E7EAC58E-5CCE-490E-BFD6-4BE7615B92AC}.Release|Win32.ActiveCfg = Release|x64
		{E7EAC58E-5CCE-490E-BFD6-4BE7615B92AC}.Release|x64.ActiveCfg = Release|x64
		{E7EAC58E-5CCE-490E-BFD6-4BE7615B92AC}.Release|x64.Build.0 = Release|x64
	EndGlobalSection
	GlobalSection(SolutionProperties) = preSolution
		HideSolutionNode = FALSE
	EndGlobalSection
	GlobalSection(NestedProjects) = preSolution
		{BD7505D6-F338-4CBD-8BF1-FD8254632F39} = {9EA921E4-2BAA-4E8F-9299-508BE7EDF873}
		{026FCDA1-D2D1-48E5-863E-C25FDDB9303D} = {4C9C34D1-E011-45D1-B90D-9B14BD394F87}
		{E7EAC58E-5CCE-490E-BFD6-4BE7615B92AC} = {4C9C34D1-E011-45D1-B90D-9B14BD394F87}
	EndGlobalSection
EndGlobal
